
Microsoft Visual Studio Solution File, Format Version 12.00
# Visual Studio Version 17
VisualStudioVersion = 17.4.33213.308
MinimumVisualStudioVersion = 10.0.40219.1
Project("{FAE04EC0-301F-11D3-BF4B-00C04F79EFBC}") = "practica", "practica\practica.csproj", "{12B5399E-F33B-4707-B0E5-DADA7A3B2C82}"
EndProject
Global
	GlobalSection(SolutionConfigurationPlatforms) = preSolution
		Debug|Any CPU = Debug|Any CPU
		Release|Any CPU = Release|Any CPU
	EndGlobalSection
	GlobalSection(ProjectConfigurationPlatforms) = postSolution
		{12B5399E-F33B-4707-B0E5-DADA7A3B2C82}.Debug|Any CPU.ActiveCfg = Debug|Any CPU
		{12B5399E-F33B-4707-B0E5-DADA7A3B2C82}.Debug|Any CPU.Build.0 = Debug|Any CPU
		{12B5399E-F33B-4707-B0E5-DADA7A3B2C82}.Release|Any CPU.ActiveCfg = Release|Any CPU
		{12B5399E-F33B-4707-B0E5-DADA7A3B2C82}.Release|Any CPU.Build.0 = Release|Any CPU
	EndGlobalSection
	GlobalSection(SolutionProperties) = preSolution
		HideSolutionNode = FALSE
	EndGlobalSection
	GlobalSection(ExtensibilityGlobals) = postSolution
		SolutionGuid = {A5F9EE6B-A0F9-42BD-AB3A-629132C9BB19}
	EndGlobalSection
EndGlobal
